
Microsoft Visual Studio Solution File, Format Version 12.00
# Visual Studio 2013
VisualStudioVersion = 12.0.31101.0
MinimumVisualStudioVersion = 10.0.40219.1
Project("{FAE04EC0-301F-11D3-BF4B-00C04F79EFBC}") = "SharpFlashCard", "SharpFlashCard\SharpFlashCard.csproj", "{B81826B1-6EF7-4C39-878B-5477387D3686}"
EndProject
Project("{FAE04EC0-301F-11D3-BF4B-00C04F79EFBC}") = "SharpFlashCard.Tests", "SharpFlashCard.Tests\SharpFlashCard.Tests.csproj", "{62DBF290-A395-4662-BCAA-15A035C5432A}"
EndProject
Global
	GlobalSection(SolutionConfigurationPlatforms) = preSolution
		Debug|Any CPU = Debug|Any CPU
		Release|Any CPU = Release|Any CPU
	EndGlobalSection
	GlobalSection(ProjectConfigurationPlatforms) = postSolution
		{B81826B1-6EF7-4C39-878B-5477387D3686}.Debug|Any CPU.ActiveCfg = Debug|Any CPU
		{B81826B1-6EF7-4C39-878B-5477387D3686}.Debug|Any CPU.Build.0 = Debug|Any CPU
		{B81826B1-6EF7-4C39-878B-5477387D3686}.Release|Any CPU.ActiveCfg = Release|Any CPU
		{B81826B1-6EF7-4C39-878B-5477387D3686}.Release|Any CPU.Build.0 = Release|Any CPU
		{62DBF290-A395-4662-BCAA-15A035C5432A}.Debug|Any CPU.ActiveCfg = Debug|Any CPU
		{62DBF290-A395-4662-BCAA-15A035C5432A}.Debug|Any CPU.Build.0 = Debug|Any CPU
		{62DBF290-A395-4662-BCAA-15A035C5432A}.Release|Any CPU.ActiveCfg = Release|Any CPU
		{62DBF290-A395-4662-BCAA-15A035C5432A}.Release|Any CPU.Build.0 = Release|Any CPU
	EndGlobalSection
	GlobalSection(SolutionProperties) = preSolution
		HideSolutionNode = FALSE
	EndGlobalSection
EndGlobal
